// !$*UTF8*$!
{
	archiveVersion = 1;
	classes = {
	};
	objectVersion = 56;
	objects = {

/* Begin PBXBuildFile section */
		3B0240E32A1CF4C0005CE995 /* AppDelegate.swift in Sources */ = {isa = PBXBuildFile; fileRef = 3B0240E22A1CF4C0005CE995 /* AppDelegate.swift */; };
		3B0240E52A1CF4C0005CE995 /* SceneDelegate.swift in Sources */ = {isa = PBXBuildFile; fileRef = 3B0240E42A1CF4C0005CE995 /* SceneDelegate.swift */; };
		3B0240E72A1CF4C0005CE995 /* ViewController.swift in Sources */ = {isa = PBXBuildFile; fileRef = 3B0240E62A1CF4C0005CE995 /* ViewController.swift */; };
		3B0240EA2A1CF4C0005CE995 /* Main.storyboard in Resources */ = {isa = PBXBuildFile; fileRef = 3B0240E82A1CF4C0005CE995 /* Main.storyboard */; };
		3B0240EC2A1CF4C1005CE995 /* Assets.xcassets in Resources */ = {isa = PBXBuildFile; fileRef = 3B0240EB2A1CF4C1005CE995 /* Assets.xcassets */; };
		3B0240EF2A1CF4C1005CE995 /* LaunchScreen.storyboard in Resources */ = {isa = PBXBuildFile; fileRef = 3B0240ED2A1CF4C1005CE995 /* LaunchScreen.storyboard */; };
		3B0240FA2A1CF4C1005CE995 /* ToDoListTests.swift in Sources */ = {isa = PBXBuildFile; fileRef = 3B0240F92A1CF4C1005CE995 /* ToDoListTests.swift */; };
		3B0241042A1CF4C1005CE995 /* ToDoListUITests.swift in Sources */ = {isa = PBXBuildFile; fileRef = 3B0241032A1CF4C1005CE995 /* ToDoListUITests.swift */; };
		3B0241062A1CF4C1005CE995 /* ToDoListUITestsLaunchTests.swift in Sources */ = {isa = PBXBuildFile; fileRef = 3B0241052A1CF4C1005CE995 /* ToDoListUITestsLaunchTests.swift */; };
		3B0241132A1CF9FA005CE995 /* ToDoListTableViewController.swift in Sources */ = {isa = PBXBuildFile; fileRef = 3B0241122A1CF9FA005CE995 /* ToDoListTableViewController.swift */; };
		3B0241152A1D08C4005CE995 /* TaskItem.swift in Sources */ = {isa = PBXBuildFile; fileRef = 3B0241142A1D08C4005CE995 /* TaskItem.swift */; };
/* End PBXBuildFile section */

/* Begin PBXContainerItemProxy section */
		3B0240F62A1CF4C1005CE995 /* PBXContainerItemProxy */ = {
			isa = PBXContainerItemProxy;
			containerPortal = 3B0240D72A1CF4C0005CE995 /* Project object */;
			proxyType = 1;
			remoteGlobalIDString = 3B0240DE2A1CF4C0005CE995;
			remoteInfo = ToDoList;
		};
		3B0241002A1CF4C1005CE995 /* PBXContainerItemProxy */ = {
			isa = PBXContainerItemProxy;
			containerPortal = 3B0240D72A1CF4C0005CE995 /* Project object */;
			proxyType = 1;
			remoteGlobalIDString = 3B0240DE2A1CF4C0005CE995;
			remoteInfo = ToDoList;
		};
/* End PBXContainerItemProxy section */

/* Begin PBXFileReference section */
		3B0240DF2A1CF4C0005CE995 /* ToDoList.app */ = {isa = PBXFileReference; explicitFileType = wrapper.application; includeInIndex = 0; path = ToDoList.app; sourceTree = BUILT_PRODUCTS_DIR; };
		3B0240E22A1CF4C0005CE995 /* AppDelegate.swift */ = {isa = PBXFileReference; lastKnownFileType = sourcecode.swift; path = AppDelegate.swift; sourceTree = "<group>"; };
		3B0240E42A1CF4C0005CE995 /* SceneDelegate.swift */ = {isa = PBXFileReference; lastKnownFileType = sourcecode.swift; path = SceneDelegate.swift; sourceTree = "<group>"; };
		3B0240E62A1CF4C0005CE995 /* ViewController.swift */ = {isa = PBXFileReference; lastKnownFileType = sourcecode.swift; path = ViewController.swift; sourceTree = "<group>"; };
		3B0240E92A1CF4C0005CE995 /* Base */ = {isa = PBXFileReference; lastKnownFileType = file.storyboard; name = Base; path = Base.lproj/Main.storyboard; sourceTree = "<group>"; };
		3B0240EB2A1CF4C1005CE995 /* Assets.xcassets */ = {isa = PBXFileReference; lastKnownFileType = folder.assetcatalog; path = Assets.xcassets; sourceTree = "<group>"; };
		3B0240EE2A1CF4C1005CE995 /* Base */ = {isa = PBXFileReference; lastKnownFileType = file.storyboard; name = Base; path = Base.lproj/LaunchScreen.storyboard; sourceTree = "<group>"; };
		3B0240F02A1CF4C1005CE995 /* Info.plist */ = {isa = PBXFileReference; lastKnownFileType = text.plist.xml; path = Info.plist; sourceTree = "<group>"; };
		3B0240F52A1CF4C1005CE995 /* ToDoListTests.xctest */ = {isa = PBXFileReference; explicitFileType = wrapper.cfbundle; includeInIndex = 0; path = ToDoListTests.xctest; sourceTree = BUILT_PRODUCTS_DIR; };
		3B0240F92A1CF4C1005CE995 /* ToDoListTests.swift */ = {isa = PBXFileReference; lastKnownFileType = sourcecode.swift; path = ToDoListTests.swift; sourceTree = "<group>"; };
		3B0240FF2A1CF4C1005CE995 /* ToDoListUITests.xctest */ = {isa = PBXFileReference; explicitFileType = wrapper.cfbundle; includeInIndex = 0; path = ToDoListUITests.xctest; sourceTree = BUILT_PRODUCTS_DIR; };
		3B0241032A1CF4C1005CE995 /* ToDoListUITests.swift */ = {isa = PBXFileReference; lastKnownFileType = sourcecode.swift; path = ToDoListUITests.swift; sourceTree = "<group>"; };
		3B0241052A1CF4C1005CE995 /* ToDoListUITestsLaunchTests.swift */ = {isa = PBXFileReference; lastKnownFileType = sourcecode.swift; path = ToDoListUITestsLaunchTests.swift; sourceTree = "<group>"; };
		3B0241122A1CF9FA005CE995 /* ToDoListTableViewController.swift */ = {isa = PBXFileReference; lastKnownFileType = sourcecode.swift; path = ToDoListTableViewController.swift; sourceTree = "<group>"; };
		3B0241142A1D08C4005CE995 /* TaskItem.swift */ = {isa = PBXFileReference; lastKnownFileType = sourcecode.swift; path = TaskItem.swift; sourceTree = "<group>"; };
/* End PBXFileReference section */

/* Begin PBXFrameworksBuildPhase section */
		3B0240DC2A1CF4C0005CE995 /* Frameworks */ = {
			isa = PBXFrameworksBuildPhase;
			buildActionMask = 2147483647;
			files = (
			);
			runOnlyForDeploymentPostprocessing = 0;
		};
		3B0240F22A1CF4C1005CE995 /* Frameworks */ = {
			isa = PBXFrameworksBuildPhase;
			buildActionMask = 2147483647;
			files = (
			);
			runOnlyForDeploymentPostprocessing = 0;
		};
		3B0240FC2A1CF4C1005CE995 /* Frameworks */ = {
			isa = PBXFrameworksBuildPhase;
			buildActionMask = 2147483647;
			files = (
			);
			runOnlyForDeploymentPostprocessing = 0;
		};
/* End PBXFrameworksBuildPhase section */

/* Begin PBXGroup section */
		3B0240D62A1CF4C0005CE995 = {
			isa = PBXGroup;
			children = (
				3B0240E12A1CF4C0005CE995 /* ToDoList */,
				3B0240F82A1CF4C1005CE995 /* ToDoListTests */,
				3B0241022A1CF4C1005CE995 /* ToDoListUITests */,
				3B0240E02A1CF4C0005CE995 /* Products */,
			);
			sourceTree = "<group>";
		};
		3B0240E02A1CF4C0005CE995 /* Products */ = {
			isa = PBXGroup;
			children = (
				3B0240DF2A1CF4C0005CE995 /* ToDoList.app */,
				3B0240F52A1CF4C1005CE995 /* ToDoListTests.xctest */,
				3B0240FF2A1CF4C1005CE995 /* ToDoListUITests.xctest */,
			);
			name = Products;
			sourceTree = "<group>";
		};
		3B0240E12A1CF4C0005CE995 /* ToDoList */ = {
			isa = PBXGroup;
			children = (
				3B0241122A1CF9FA005CE995 /* ToDoListTableViewController.swift */,
				3B0240E62A1CF4C0005CE995 /* ViewController.swift */,
				3B0241142A1D08C4005CE995 /* TaskItem.swift */,
				3B0240E22A1CF4C0005CE995 /* AppDelegate.swift */,
				3B0240E42A1CF4C0005CE995 /* SceneDelegate.swift */,
				3B0240E82A1CF4C0005CE995 /* Main.storyboard */,
				3B0240EB2A1CF4C1005CE995 /* Assets.xcassets */,
				3B0240ED2A1CF4C1005CE995 /* LaunchScreen.storyboard */,
				3B0240F02A1CF4C1005CE995 /* Info.plist */,
			);
			path = ToDoList;
			sourceTree = "<group>";
		};
		3B0240F82A1CF4C1005CE995 /* ToDoListTests */ = {
			isa = PBXGroup;
			children = (
				3B0240F92A1CF4C1005CE995 /* ToDoListTests.swift */,
			);
			path = ToDoListTests;
			sourceTree = "<group>";
		};
		3B0241022A1CF4C1005CE995 /* ToDoListUITests */ = {
			isa = PBXGroup;
			children = (
				3B0241032A1CF4C1005CE995 /* ToDoListUITests.swift */,
				3B0241052A1CF4C1005CE995 /* ToDoListUITestsLaunchTests.swift */,
			);
			path = ToDoListUITests;
			sourceTree = "<group>";
		};
/* End PBXGroup section */

/* Begin PBXNativeTarget section */
		3B0240DE2A1CF4C0005CE995 /* ToDoList */ = {
			isa = PBXNativeTarget;
			buildConfigurationList = 3B0241092A1CF4C1005CE995 /* Build configuration list for PBXNativeTarget "ToDoList" */;
			buildPhases = (
				3B0240DB2A1CF4C0005CE995 /* Sources */,
				3B0240DC2A1CF4C0005CE995 /* Frameworks */,
				3B0240DD2A1CF4C0005CE995 /* Resources */,
			);
			buildRules = (
			);
			dependencies = (
			);
			name = ToDoList;
			productName = ToDoList;
			productReference = 3B0240DF2A1CF4C0005CE995 /* ToDoList.app */;
			productType = "com.apple.product-type.application";
		};
		3B0240F42A1CF4C1005CE995 /* ToDoListTests */ = {
			isa = PBXNativeTarget;
			buildConfigurationList = 3B02410C2A1CF4C1005CE995 /* Build configuration list for PBXNativeTarget "ToDoListTests" */;
			buildPhases = (
				3B0240F12A1CF4C1005CE995 /* Sources */,
				3B0240F22A1CF4C1005CE995 /* Frameworks */,
				3B0240F32A1CF4C1005CE995 /* Resources */,
			);
			buildRules = (
			);
			dependencies = (
				3B0240F72A1CF4C1005CE995 /* PBXTargetDependency */,
			);
			name = ToDoListTests;
			productName = ToDoListTests;
			productReference = 3B0240F52A1CF4C1005CE995 /* ToDoListTests.xctest */;
			productType = "com.apple.product-type.bundle.unit-test";
		};
		3B0240FE2A1CF4C1005CE995 /* ToDoListUITests */ = {
			isa = PBXNativeTarget;
			buildConfigurationList = 3B02410F2A1CF4C1005CE995 /* Build configuration list for PBXNativeTarget "ToDoListUITests" */;
			buildPhases = (
				3B0240FB2A1CF4C1005CE995 /* Sources */,
				3B0240FC2A1CF4C1005CE995 /* Frameworks */,
				3B0240FD2A1CF4C1005CE995 /* Resources */,
			);
			buildRules = (
			);
			dependencies = (
				3B0241012A1CF4C1005CE995 /* PBXTargetDependency */,
			);
			name = ToDoListUITests;
			productName = ToDoListUITests;
			productReference = 3B0240FF2A1CF4C1005CE995 /* ToDoListUITests.xctest */;
			productType = "com.apple.product-type.bundle.ui-testing";
		};
/* End PBXNativeTarget section */

/* Begin PBXProject section */
		3B0240D72A1CF4C0005CE995 /* Project object */ = {
			isa = PBXProject;
			attributes = {
				BuildIndependentTargetsInParallel = 1;
				LastSwiftUpdateCheck = 1430;
				LastUpgradeCheck = 1430;
				TargetAttributes = {
					3B0240DE2A1CF4C0005CE995 = {
						CreatedOnToolsVersion = 14.3;
					};
					3B0240F42A1CF4C1005CE995 = {
						CreatedOnToolsVersion = 14.3;
						TestTargetID = 3B0240DE2A1CF4C0005CE995;
					};
					3B0240FE2A1CF4C1005CE995 = {
						CreatedOnToolsVersion = 14.3;
						TestTargetID = 3B0240DE2A1CF4C0005CE995;
					};
				};
			};
			buildConfigurationList = 3B0240DA2A1CF4C0005CE995 /* Build configuration list for PBXProject "ToDoList" */;
			compatibilityVersion = "Xcode 14.0";
			developmentRegion = en;
			hasScannedForEncodings = 0;
			knownRegions = (
				en,
				Base,
			);
			mainGroup = 3B0240D62A1CF4C0005CE995;
			productRefGroup = 3B0240E02A1CF4C0005CE995 /* Products */;
			projectDirPath = "";
			projectRoot = "";
			targets = (
				3B0240DE2A1CF4C0005CE995 /* ToDoList */,
				3B0240F42A1CF4C1005CE995 /* ToDoListTests */,
				3B0240FE2A1CF4C1005CE995 /* ToDoListUITests */,
			);
		};
/* End PBXProject section */

/* Begin PBXResourcesBuildPhase section */
		3B0240DD2A1CF4C0005CE995 /* Resources */ = {
			isa = PBXResourcesBuildPhase;
			buildActionMask = 2147483647;
			files = (
				3B0240EF2A1CF4C1005CE995 /* LaunchScreen.storyboard in Resources */,
				3B0240EC2A1CF4C1005CE995 /* Assets.xcassets in Resources */,
				3B0240EA2A1CF4C0005CE995 /* Main.storyboard in Resources */,
			);
			runOnlyForDeploymentPostprocessing = 0;
		};
		3B0240F32A1CF4C1005CE995 /* Resources */ = {
			isa = PBXResourcesBuildPhase;
			buildActionMask = 2147483647;
			files = (
			);
			runOnlyForDeploymentPostprocessing = 0;
		};
		3B0240FD2A1CF4C1005CE995 /* Resources */ = {
			isa = PBXResourcesBuildPhase;
			buildActionMask = 2147483647;
			files = (
			);
			runOnlyForDeploymentPostprocessing = 0;
		};
/* End PBXResourcesBuildPhase section */

/* Begin PBXSourcesBuildPhase section */
		3B0240DB2A1CF4C0005CE995 /* Sources */ = {
			isa = PBXSourcesBuildPhase;
			buildActionMask = 2147483647;
			files = (
				3B0240E72A1CF4C0005CE995 /* ViewController.swift in Sources */,
				3B0241152A1D08C4005CE995 /* TaskItem.swift in Sources */,
				3B0240E32A1CF4C0005CE995 /* AppDelegate.swift in Sources */,
				3B0240E52A1CF4C0005CE995 /* SceneDelegate.swift in Sources */,
				3B0241132A1CF9FA005CE995 /* ToDoListTableViewController.swift in Sources */,
			);
			runOnlyForDeploymentPostprocessing = 0;
		};
		3B0240F12A1CF4C1005CE995 /* Sources */ = {
			isa = PBXSourcesBuildPhase;
			buildActionMask = 2147483647;
			files = (
				3B0240FA2A1CF4C1005CE995 /* ToDoListTests.swift in Sources */,
			);
			runOnlyForDeploymentPostprocessing = 0;
		};
		3B0240FB2A1CF4C1005CE995 /* Sources */ = {
			isa = PBXSourcesBuildPhase;
			buildActionMask = 2147483647;
			files = (
				3B0241062A1CF4C1005CE995 /* ToDoListUITestsLaunchTests.swift in Sources */,
				3B0241042A1CF4C1005CE995 /* ToDoListUITests.swift in Sources */,
			);
			runOnlyForDeploymentPostprocessing = 0;
		};
/* End PBXSourcesBuildPhase section */

/* Begin PBXTargetDependency section */
		3B0240F72A1CF4C1005CE995 /* PBXTargetDependency */ = {
			isa = PBXTargetDependency;
			target = 3B0240DE2A1CF4C0005CE995 /* ToDoList */;
			targetProxy = 3B0240F62A1CF4C1005CE995 /* PBXContainerItemProxy */;
		};
		3B0241012A1CF4C1005CE995 /* PBXTargetDependency */ = {
			isa = PBXTargetDependency;
			target = 3B0240DE2A1CF4C0005CE995 /* ToDoList */;
			targetProxy = 3B0241002A1CF4C1005CE995 /* PBXContainerItemProxy */;
		};
/* End PBXTargetDependency section */

/* Begin PBXVariantGroup section */
		3B0240E82A1CF4C0005CE995 /* Main.storyboard */ = {
			isa = PBXVariantGroup;
			children = (
				3B0240E92A1CF4C0005CE995 /* Base */,
			);
			name = Main.storyboard;
			sourceTree = "<group>";
		};
		3B0240ED2A1CF4C1005CE995 /* LaunchScreen.storyboard */ = {
			isa = PBXVariantGroup;
			children = (
				3B0240EE2A1CF4C1005CE995 /* Base */,
			);
			name = LaunchScreen.storyboard;
			sourceTree = "<group>";
		};
/* End PBXVariantGroup section */

/* Begin XCBuildConfiguration section */
		3B0241072A1CF4C1005CE995 /* Debug */ = {
			isa = XCBuildConfiguration;
			buildSettings = {
				ALWAYS_SEARCH_USER_PATHS = NO;
				CLANG_ANALYZER_NONNULL = YES;
				CLANG_ANALYZER_NUMBER_OBJECT_CONVERSION = YES_AGGRESSIVE;
				CLANG_CXX_LANGUAGE_STANDARD = "gnu++20";
				CLANG_ENABLE_MODULES = YES;
				CLANG_ENABLE_OBJC_ARC = YES;
				CLANG_ENABLE_OBJC_WEAK = YES;
				CLANG_WARN_BLOCK_CAPTURE_AUTORELEASING = YES;
				CLANG_WARN_BOOL_CONVERSION = YES;
				CLANG_WARN_COMMA = YES;
				CLANG_WARN_CONSTANT_CONVERSION = YES;
				CLANG_WARN_DEPRECATED_OBJC_IMPLEMENTATIONS = YES;
				CLANG_WARN_DIRECT_OBJC_ISA_USAGE = YES_ERROR;
				CLANG_WARN_DOCUMENTATION_COMMENTS = YES;
				CLANG_WARN_EMPTY_BODY = YES;
				CLANG_WARN_ENUM_CONVERSION = YES;
				CLANG_WARN_INFINITE_RECURSION = YES;
				CLANG_WARN_INT_CONVERSION = YES;
				CLANG_WARN_NON_LITERAL_NULL_CONVERSION = YES;
				CLANG_WARN_OBJC_IMPLICIT_RETAIN_SELF = YES;
				CLANG_WARN_OBJC_LITERAL_CONVERSION = YES;
				CLANG_WARN_OBJC_ROOT_CLASS = YES_ERROR;
				CLANG_WARN_QUOTED_INCLUDE_IN_FRAMEWORK_HEADER = YES;
				CLANG_WARN_RANGE_LOOP_ANALYSIS = YES;
				CLANG_WARN_STRICT_PROTOTYPES = YES;
				CLANG_WARN_SUSPICIOUS_MOVE = YES;
				CLANG_WARN_UNGUARDED_AVAILABILITY = YES_AGGRESSIVE;
				CLANG_WARN_UNREACHABLE_CODE = YES;
				CLANG_WARN__DUPLICATE_METHOD_MATCH = YES;
				COPY_PHASE_STRIP = NO;
				DEBUG_INFORMATION_FORMAT = dwarf;
				ENABLE_STRICT_OBJC_MSGSEND = YES;
				ENABLE_TESTABILITY = YES;
				GCC_C_LANGUAGE_STANDARD = gnu11;
				GCC_DYNAMIC_NO_PIC = NO;
				GCC_NO_COMMON_BLOCKS = YES;
				GCC_OPTIMIZATION_LEVEL = 0;
				GCC_PREPROCESSOR_DEFINITIONS = (
					"DEBUG=1",
					"$(inherited)",
				);
				GCC_WARN_64_TO_32_BIT_CONVERSION = YES;
				GCC_WARN_ABOUT_RETURN_TYPE = YES_ERROR;
				GCC_WARN_UNDECLARED_SELECTOR = YES;
				GCC_WARN_UNINITIALIZED_AUTOS = YES_AGGRESSIVE;
				GCC_WARN_UNUSED_FUNCTION = YES;
				GCC_WARN_UNUSED_VARIABLE = YES;
				IPHONEOS_DEPLOYMENT_TARGET = 16.4;
				MTL_ENABLE_DEBUG_INFO = INCLUDE_SOURCE;
				MTL_FAST_MATH = YES;
				ONLY_ACTIVE_ARCH = YES;
				SDKROOT = iphoneos;
				SWIFT_ACTIVE_COMPILATION_CONDITIONS = DEBUG;
				SWIFT_OPTIMIZATION_LEVEL = "-Onone";
			};
			name = Debug;
		};
		3B0241082A1CF4C1005CE995 /* Release */ = {
			isa = XCBuildConfiguration;
			buildSettings = {
				ALWAYS_SEARCH_USER_PATHS = NO;
				CLANG_ANALYZER_NONNULL = YES;
				CLANG_ANALYZER_NUMBER_OBJECT_CONVERSION = YES_AGGRESSIVE;
				CLANG_CXX_LANGUAGE_STANDARD = "gnu++20";
				CLANG_ENABLE_MODULES = YES;
				CLANG_ENABLE_OBJC_ARC = YES;
				CLANG_ENABLE_OBJC_WEAK = YES;
				CLANG_WARN_BLOCK_CAPTURE_AUTORELEASING = YES;
				CLANG_WARN_BOOL_CONVERSION = YES;
				CLANG_WARN_COMMA = YES;
				CLANG_WARN_CONSTANT_CONVERSION = YES;
				CLANG_WARN_DEPRECATED_OBJC_IMPLEMENTATIONS = YES;
				CLANG_WARN_DIRECT_OBJC_ISA_USAGE = YES_ERROR;
				CLANG_WARN_DOCUMENTATION_COMMENTS = YES;
				CLANG_WARN_EMPTY_BODY = YES;
				CLANG_WARN_ENUM_CONVERSION = YES;
				CLANG_WARN_INFINITE_RECURSION = YES;
				CLANG_WARN_INT_CONVERSION = YES;
				CLANG_WARN_NON_LITERAL_NULL_CONVERSION = YES;
				CLANG_WARN_OBJC_IMPLICIT_RETAIN_SELF = YES;
				CLANG_WARN_OBJC_LITERAL_CONVERSION = YES;
				CLANG_WARN_OBJC_ROOT_CLASS = YES_ERROR;
				CLANG_WARN_QUOTED_INCLUDE_IN_FRAMEWORK_HEADER = YES;
				CLANG_WARN_RANGE_LOOP_ANALYSIS = YES;
				CLANG_WARN_STRICT_PROTOTYPES = YES;
				CLANG_WARN_SUSPICIOUS_MOVE = YES;
				CLANG_WARN_UNGUARDED_AVAILABILITY = YES_AGGRESSIVE;
				CLANG_WARN_UNREACHABLE_CODE = YES;
				CLANG_WARN__DUPLICATE_METHOD_MATCH = YES;
				COPY_PHASE_STRIP = NO;
				DEBUG_INFORMATION_FORMAT = "dwarf-with-dsym";
				ENABLE_NS_ASSERTIONS = NO;
				ENABLE_STRICT_OBJC_MSGSEND = YES;
				GCC_C_LANGUAGE_STANDARD = gnu11;
				GCC_NO_COMMON_BLOCKS = YES;
				GCC_WARN_64_TO_32_BIT_CONVERSION = YES;
				GCC_WARN_ABOUT_RETURN_TYPE = YES_ERROR;
				GCC_WARN_UNDECLARED_SELECTOR = YES;
				GCC_WARN_UNINITIALIZED_AUTOS = YES_AGGRESSIVE;
				GCC_WARN_UNUSED_FUNCTION = YES;
				GCC_WARN_UNUSED_VARIABLE = YES;
				IPHONEOS_DEPLOYMENT_TARGET = 16.4;
				MTL_ENABLE_DEBUG_INFO = NO;
				MTL_FAST_MATH = YES;
				SDKROOT = iphoneos;
				SWIFT_COMPILATION_MODE = wholemodule;
				SWIFT_OPTIMIZATION_LEVEL = "-O";
				VALIDATE_PRODUCT = YES;
			};
			name = Release;
		};
		3B02410A2A1CF4C1005CE995 /* Debug */ = {
			isa = XCBuildConfiguration;
			buildSettings = {
				ASSETCATALOG_COMPILER_APPICON_NAME = AppIcon;
				ASSETCATALOG_COMPILER_GLOBAL_ACCENT_COLOR_NAME = AccentColor;
				CODE_SIGN_STYLE = Automatic;
				CURRENT_PROJECT_VERSION = 1;
				GENERATE_INFOPLIST_FILE = YES;
				INFOPLIST_FILE = ToDoList/Info.plist;
				INFOPLIST_KEY_UIApplicationSupportsIndirectInputEvents = YES;
				INFOPLIST_KEY_UILaunchStoryboardName = LaunchScreen;
				INFOPLIST_KEY_UIMainStoryboardFile = Main;
				INFOPLIST_KEY_UISupportedInterfaceOrientations_iPad = "UIInterfaceOrientationPortrait UIInterfaceOrientationPortraitUpsideDown UIInterfaceOrientationLandscapeLeft UIInterfaceOrientationLandscapeRight";
				INFOPLIST_KEY_UISupportedInterfaceOrientations_iPhone = "UIInterfaceOrientationPortrait UIInterfaceOrientationLandscapeLeft UIInterfaceOrientationLandscapeRight";
				LD_RUNPATH_SEARCH_PATHS = (
					"$(inherited)",
					"@executable_path/Frameworks",
				);
				MARKETING_VERSION = 1.0;
				PRODUCT_BUNDLE_IDENTIFIER = winter.ToDoList;
				PRODUCT_NAME = "$(TARGET_NAME)";
				SWIFT_EMIT_LOC_STRINGS = YES;
				SWIFT_VERSION = 5.0;
				TARGETED_DEVICE_FAMILY = "1,2";
			};
			name = Debug;
		};
		3B02410B2A1CF4C1005CE995 /* Release */ = {
			isa = XCBuildConfiguration;
			buildSettings = {
				ASSETCATALOG_COMPILER_APPICON_NAME = AppIcon;
				ASSETCATALOG_COMPILER_GLOBAL_ACCENT_COLOR_NAME = AccentColor;
				CODE_SIGN_STYLE = Automatic;
				CURRENT_PROJECT_VERSION = 1;
				GENERATE_INFOPLIST_FILE = YES;
				INFOPLIST_FILE = ToDoList/Info.plist;
				INFOPLIST_KEY_UIApplicationSupportsIndirectInputEvents = YES;
				INFOPLIST_KEY_UILaunchStoryboardName = LaunchScreen;
				INFOPLIST_KEY_UIMainStoryboardFile = Main;
				INFOPLIST_KEY_UISupportedInterfaceOrientations_iPad = "UIInterfaceOrientationPortrait UIInterfaceOrientationPortraitUpsideDown UIInterfaceOrientationLandscapeLeft UIInterfaceOrientationLandscapeRight";
				INFOPLIST_KEY_UISupportedInterfaceOrientations_iPhone = "UIInterfaceOrientationPortrait UIInterfaceOrientationLandscapeLeft UIInterfaceOrientationLandscapeRight";
				LD_RUNPATH_SEARCH_PATHS = (
					"$(inherited)",
					"@executable_path/Frameworks",
				);
				MARKETING_VERSION = 1.0;
				PRODUCT_BUNDLE_IDENTIFIER = winter.ToDoList;
				PRODUCT_NAME = "$(TARGET_NAME)";
				SWIFT_EMIT_LOC_STRINGS = YES;
				SWIFT_VERSION = 5.0;
				TARGETED_DEVICE_FAMILY = "1,2";
			};
			name = Release;
		};
		3B02410D2A1CF4C1005CE995 /* Debug */ = {
			isa = XCBuildConfiguration;
			buildSettings = {
				ALWAYS_EMBED_SWIFT_STANDARD_LIBRARIES = YES;
				BUNDLE_LOADER = "$(TEST_HOST)";
				CODE_SIGN_STYLE = Automatic;
				CURRENT_PROJECT_VERSION = 1;
				GENERATE_INFOPLIST_FILE = YES;
				IPHONEOS_DEPLOYMENT_TARGET = 16.4;
				MARKETING_VERSION = 1.0;
				PRODUCT_BUNDLE_IDENTIFIER = winter.ToDoListTests;
				PRODUCT_NAME = "$(TARGET_NAME)";
				SWIFT_EMIT_LOC_STRINGS = NO;
				SWIFT_VERSION = 5.0;
				TARGETED_DEVICE_FAMILY = "1,2";
				TEST_HOST = "$(BUILT_PRODUCTS_DIR)/ToDoList.app/$(BUNDLE_EXECUTABLE_FOLDER_PATH)/ToDoList";
			};
			name = Debug;
		};
		3B02410E2A1CF4C1005CE995 /* Release */ = {
			isa = XCBuildConfiguration;
			buildSettings = {
				ALWAYS_EMBED_SWIFT_STANDARD_LIBRARIES = YES;
				BUNDLE_LOADER = "$(TEST_HOST)";
				CODE_SIGN_STYLE = Automatic;
				CURRENT_PROJECT_VERSION = 1;
				GENERATE_INFOPLIST_FILE = YES;
				IPHONEOS_DEPLOYMENT_TARGET = 16.4;
				MARKETING_VERSION = 1.0;
				PRODUCT_BUNDLE_IDENTIFIER = winter.ToDoListTests;
				PRODUCT_NAME = "$(TARGET_NAME)";
				SWIFT_EMIT_LOC_STRINGS = NO;
				SWIFT_VERSION = 5.0;
				TARGETED_DEVICE_FAMILY = "1,2";
				TEST_HOST = "$(BUILT_PRODUCTS_DIR)/ToDoList.app/$(BUNDLE_EXECUTABLE_FOLDER_PATH)/ToDoList";
			};
			name = Release;
		};
		3B0241102A1CF4C1005CE995 /* Debug */ = {
			isa = XCBuildConfiguration;
			buildSettings = {
				ALWAYS_EMBED_SWIFT_STANDARD_LIBRARIES = YES;
				CODE_SIGN_STYLE = Automatic;
				CURRENT_PROJECT_VERSION = 1;
				GENERATE_INFOPLIST_FILE = YES;
				MARKETING_VERSION = 1.0;
				PRODUCT_BUNDLE_IDENTIFIER = winter.ToDoListUITests;
				PRODUCT_NAME = "$(TARGET_NAME)";
				SWIFT_EMIT_LOC_STRINGS = NO;
				SWIFT_VERSION = 5.0;
				TARGETED_DEVICE_FAMILY = "1,2";
				TEST_TARGET_NAME = ToDoList;
			};
			name = Debug;
		};
		3B0241112A1CF4C1005CE995 /* Release */ = {
			isa = XCBuildConfiguration;
			buildSettings = {
				ALWAYS_EMBED_SWIFT_STANDARD_LIBRARIES = YES;
				CODE_SIGN_STYLE = Automatic;
				CURRENT_PROJECT_VERSION = 1;
				GENERATE_INFOPLIST_FILE = YES;
				MARKETING_VERSION = 1.0;
				PRODUCT_BUNDLE_IDENTIFIER = winter.ToDoListUITests;
				PRODUCT_NAME = "$(TARGET_NAME)";
				SWIFT_EMIT_LOC_STRINGS = NO;
				SWIFT_VERSION = 5.0;
				TARGETED_DEVICE_FAMILY = "1,2";
				TEST_TARGET_NAME = ToDoList;
			};
			name = Release;
		};
/* End XCBuildConfiguration section */

/* Begin XCConfigurationList section */
		3B0240DA2A1CF4C0005CE995 /* Build configuration list for PBXProject "ToDoList" */ = {
			isa = XCConfigurationList;
			buildConfigurations = (
				3B0241072A1CF4C1005CE995 /* Debug */,
				3B0241082A1CF4C1005CE995 /* Release */,
			);
			defaultConfigurationIsVisible = 0;
			defaultConfigurationName = Release;
		};
		3B0241092A1CF4C1005CE995 /* Build configuration list for PBXNativeTarget "ToDoList" */ = {
			isa = XCConfigurationList;
			buildConfigurations = (
				3B02410A2A1CF4C1005CE995 /* Debug */,
				3B02410B2A1CF4C1005CE995 /* Release */,
			);
			defaultConfigurationIsVisible = 0;
			defaultConfigurationName = Release;
		};
		3B02410C2A1CF4C1005CE995 /* Build configuration list for PBXNativeTarget "ToDoListTests" */ = {
			isa = XCConfigurationList;
			buildConfigurations = (
				3B02410D2A1CF4C1005CE995 /* Debug */,
				3B02410E2A1CF4C1005CE995 /* Release */,
			);
			defaultConfigurationIsVisible = 0;
			defaultConfigurationName = Release;
		};
		3B02410F2A1CF4C1005CE995 /* Build configuration list for PBXNativeTarget "ToDoListUITests" */ = {
			isa = XCConfigurationList;
			buildConfigurations = (
				3B0241102A1CF4C1005CE995 /* Debug */,
				3B0241112A1CF4C1005CE995 /* Release */,
			);
			defaultConfigurationIsVisible = 0;
			defaultConfigurationName = Release;
		};
/* End XCConfigurationList section */
	};
	rootObject = 3B0240D72A1CF4C0005CE995 /* Project object */;
}
